// !$*UTF8*$!
{
	archiveVersion = 1;
	classes = {
	};
	objectVersion = 50;
	objects = {

/* Begin PBXBuildFile section */
		786A69D8248C8E6B001A29A2 /* AppDelegate.swift in Sources */ = {isa = PBXBuildFile; fileRef = 786A69D7248C8E6B001A29A2 /* AppDelegate.swift */; };
		786A69DA248C8E6B001A29A2 /* SceneDelegate.swift in Sources */ = {isa = PBXBuildFile; fileRef = 786A69D9248C8E6B001A29A2 /* SceneDelegate.swift */; };
		786A69DC248C8E6B001A29A2 /* ContentView.swift in Sources */ = {isa = PBXBuildFile; fileRef = 786A69DB248C8E6B001A29A2 /* ContentView.swift */; };
		786A69DE248C8E6F001A29A2 /* Assets.xcassets in Resources */ = {isa = PBXBuildFile; fileRef = 786A69DD248C8E6F001A29A2 /* Assets.xcassets */; };
		786A69E1248C8E6F001A29A2 /* Preview Assets.xcassets in Resources */ = {isa = PBXBuildFile; fileRef = 786A69E0248C8E6F001A29A2 /* Preview Assets.xcassets */; };
		786A69E4248C8E6F001A29A2 /* LaunchScreen.storyboard in Resources */ = {isa = PBXBuildFile; fileRef = 786A69E2248C8E6F001A29A2 /* LaunchScreen.storyboard */; };
		786A69EF248C8E6F001A29A2 /* musicMetaTests.swift in Sources */ = {isa = PBXBuildFile; fileRef = 786A69EE248C8E6F001A29A2 /* musicMetaTests.swift */; };
		786A69FA248C8E6F001A29A2 /* musicMetaUITests.swift in Sources */ = {isa = PBXBuildFile; fileRef = 786A69F9248C8E6F001A29A2 /* musicMetaUITests.swift */; };
		786A6A08248C9739001A29A2 /* CircleImage.swift in Sources */ = {isa = PBXBuildFile; fileRef = 786A6A07248C9739001A29A2 /* CircleImage.swift */; };
		786A6A0A248C99C3001A29A2 /* HeaderImage.swift in Sources */ = {isa = PBXBuildFile; fileRef = 786A6A09248C99C3001A29A2 /* HeaderImage.swift */; };
		78AE6A67248CA9B400F4A5E9 /* MusicMeta.swift in Sources */ = {isa = PBXBuildFile; fileRef = 78AE6A66248CA9B400F4A5E9 /* MusicMeta.swift */; };
/* End PBXBuildFile section */

/* Begin PBXContainerItemProxy section */
		786A69EB248C8E6F001A29A2 /* PBXContainerItemProxy */ = {
			isa = PBXContainerItemProxy;
			containerPortal = 786A69CC248C8E6B001A29A2 /* Project object */;
			proxyType = 1;
			remoteGlobalIDString = 786A69D3248C8E6B001A29A2;
			remoteInfo = musicMeta;
		};
		786A69F6248C8E6F001A29A2 /* PBXContainerItemProxy */ = {
			isa = PBXContainerItemProxy;
			containerPortal = 786A69CC248C8E6B001A29A2 /* Project object */;
			proxyType = 1;
			remoteGlobalIDString = 786A69D3248C8E6B001A29A2;
			remoteInfo = musicMeta;
		};
/* End PBXContainerItemProxy section */

/* Begin PBXFileReference section */
		786A69D4248C8E6B001A29A2 /* musicMeta.app */ = {isa = PBXFileReference; explicitFileType = wrapper.application; includeInIndex = 0; path = musicMeta.app; sourceTree = BUILT_PRODUCTS_DIR; };
		786A69D7248C8E6B001A29A2 /* AppDelegate.swift */ = {isa = PBXFileReference; lastKnownFileType = sourcecode.swift; path = AppDelegate.swift; sourceTree = "<group>"; };
		786A69D9248C8E6B001A29A2 /* SceneDelegate.swift */ = {isa = PBXFileReference; lastKnownFileType = sourcecode.swift; path = SceneDelegate.swift; sourceTree = "<group>"; };
		786A69DB248C8E6B001A29A2 /* ContentView.swift */ = {isa = PBXFileReference; lastKnownFileType = sourcecode.swift; path = ContentView.swift; sourceTree = "<group>"; };
		786A69DD248C8E6F001A29A2 /* Assets.xcassets */ = {isa = PBXFileReference; lastKnownFileType = folder.assetcatalog; path = Assets.xcassets; sourceTree = "<group>"; };
		786A69E0248C8E6F001A29A2 /* Preview Assets.xcassets */ = {isa = PBXFileReference; lastKnownFileType = folder.assetcatalog; path = "Preview Assets.xcassets"; sourceTree = "<group>"; };
		786A69E3248C8E6F001A29A2 /* Base */ = {isa = PBXFileReference; lastKnownFileType = file.storyboard; name = Base; path = Base.lproj/LaunchScreen.storyboard; sourceTree = "<group>"; };
		786A69E5248C8E6F001A29A2 /* Info.plist */ = {isa = PBXFileReference; lastKnownFileType = text.plist.xml; path = Info.plist; sourceTree = "<group>"; };
		786A69EA248C8E6F001A29A2 /* musicMetaTests.xctest */ = {isa = PBXFileReference; explicitFileType = wrapper.cfbundle; includeInIndex = 0; path = musicMetaTests.xctest; sourceTree = BUILT_PRODUCTS_DIR; };
		786A69EE248C8E6F001A29A2 /* musicMetaTests.swift */ = {isa = PBXFileReference; lastKnownFileType = sourcecode.swift; path = musicMetaTests.swift; sourceTree = "<group>"; };
		786A69F0248C8E6F001A29A2 /* Info.plist */ = {isa = PBXFileReference; lastKnownFileType = text.plist.xml; path = Info.plist; sourceTree = "<group>"; };
		786A69F5248C8E6F001A29A2 /* musicMetaUITests.xctest */ = {isa = PBXFileReference; explicitFileType = wrapper.cfbundle; includeInIndex = 0; path = musicMetaUITests.xctest; sourceTree = BUILT_PRODUCTS_DIR; };
		786A69F9248C8E6F001A29A2 /* musicMetaUITests.swift */ = {isa = PBXFileReference; lastKnownFileType = sourcecode.swift; path = musicMetaUITests.swift; sourceTree = "<group>"; };
		786A69FB248C8E6F001A29A2 /* Info.plist */ = {isa = PBXFileReference; lastKnownFileType = text.plist.xml; path = Info.plist; sourceTree = "<group>"; };
		786A6A07248C9739001A29A2 /* CircleImage.swift */ = {isa = PBXFileReference; lastKnownFileType = sourcecode.swift; path = CircleImage.swift; sourceTree = "<group>"; };
		786A6A09248C99C3001A29A2 /* HeaderImage.swift */ = {isa = PBXFileReference; lastKnownFileType = sourcecode.swift; path = HeaderImage.swift; sourceTree = "<group>"; };
		78AE6A66248CA9B400F4A5E9 /* MusicMeta.swift */ = {isa = PBXFileReference; lastKnownFileType = sourcecode.swift; path = MusicMeta.swift; sourceTree = "<group>"; };
/* End PBXFileReference section */

/* Begin PBXFrameworksBuildPhase section */
		786A69D1248C8E6B001A29A2 /* Frameworks */ = {
			isa = PBXFrameworksBuildPhase;
			buildActionMask = 2147483647;
			files = (
			);
			runOnlyForDeploymentPostprocessing = 0;
		};
		786A69E7248C8E6F001A29A2 /* Frameworks */ = {
			isa = PBXFrameworksBuildPhase;
			buildActionMask = 2147483647;
			files = (
			);
			runOnlyForDeploymentPostprocessing = 0;
		};
		786A69F2248C8E6F001A29A2 /* Frameworks */ = {
			isa = PBXFrameworksBuildPhase;
			buildActionMask = 2147483647;
			files = (
			);
			runOnlyForDeploymentPostprocessing = 0;
		};
/* End PBXFrameworksBuildPhase section */

/* Begin PBXGroup section */
		786A69CB248C8E6B001A29A2 = {
			isa = PBXGroup;
			children = (
				786A69D6248C8E6B001A29A2 /* musicMeta */,
				786A69ED248C8E6F001A29A2 /* musicMetaTests */,
				786A69F8248C8E6F001A29A2 /* musicMetaUITests */,
				786A69D5248C8E6B001A29A2 /* Products */,
			);
			sourceTree = "<group>";
		};
		786A69D5248C8E6B001A29A2 /* Products */ = {
			isa = PBXGroup;
			children = (
				786A69D4248C8E6B001A29A2 /* musicMeta.app */,
				786A69EA248C8E6F001A29A2 /* musicMetaTests.xctest */,
				786A69F5248C8E6F001A29A2 /* musicMetaUITests.xctest */,
			);
			name = Products;
			sourceTree = "<group>";
		};
		786A69D6248C8E6B001A29A2 /* musicMeta */ = {
			isa = PBXGroup;
			children = (
				786A69D7248C8E6B001A29A2 /* AppDelegate.swift */,
				786A69D9248C8E6B001A29A2 /* SceneDelegate.swift */,
				786A69DB248C8E6B001A29A2 /* ContentView.swift */,
				786A69DD248C8E6F001A29A2 /* Assets.xcassets */,
				786A69E2248C8E6F001A29A2 /* LaunchScreen.storyboard */,
				786A69E5248C8E6F001A29A2 /* Info.plist */,
				786A69DF248C8E6F001A29A2 /* Preview Content */,
				786A6A07248C9739001A29A2 /* CircleImage.swift */,
				786A6A09248C99C3001A29A2 /* HeaderImage.swift */,
				78AE6A66248CA9B400F4A5E9 /* MusicMeta.swift */,
			);
			path = musicMeta;
			sourceTree = "<group>";
		};
		786A69DF248C8E6F001A29A2 /* Preview Content */ = {
			isa = PBXGroup;
			children = (
				786A69E0248C8E6F001A29A2 /* Preview Assets.xcassets */,
			);
			path = "Preview Content";
			sourceTree = "<group>";
		};
		786A69ED248C8E6F001A29A2 /* musicMetaTests */ = {
			isa = PBXGroup;
			children = (
				786A69EE248C8E6F001A29A2 /* musicMetaTests.swift */,
				786A69F0248C8E6F001A29A2 /* Info.plist */,
			);
			path = musicMetaTests;
			sourceTree = "<group>";
		};
		786A69F8248C8E6F001A29A2 /* musicMetaUITests */ = {
			isa = PBXGroup;
			children = (
				786A69F9248C8E6F001A29A2 /* musicMetaUITests.swift */,
				786A69FB248C8E6F001A29A2 /* Info.plist */,
			);
			path = musicMetaUITests;
			sourceTree = "<group>";
		};
/* End PBXGroup section */

/* Begin PBXNativeTarget section */
		786A69D3248C8E6B001A29A2 /* musicMeta */ = {
			isa = PBXNativeTarget;
			buildConfigurationList = 786A69FE248C8E6F001A29A2 /* Build configuration list for PBXNativeTarget "musicMeta" */;
			buildPhases = (
				786A69D0248C8E6B001A29A2 /* Sources */,
				786A69D1248C8E6B001A29A2 /* Frameworks */,
				786A69D2248C8E6B001A29A2 /* Resources */,
			);
			buildRules = (
			);
			dependencies = (
			);
			name = musicMeta;
			productName = musicMeta;
			productReference = 786A69D4248C8E6B001A29A2 /* musicMeta.app */;
			productType = "com.apple.product-type.application";
		};
		786A69E9248C8E6F001A29A2 /* musicMetaTests */ = {
			isa = PBXNativeTarget;
			buildConfigurationList = 786A6A01248C8E6F001A29A2 /* Build configuration list for PBXNativeTarget "musicMetaTests" */;
			buildPhases = (
				786A69E6248C8E6F001A29A2 /* Sources */,
				786A69E7248C8E6F001A29A2 /* Frameworks */,
				786A69E8248C8E6F001A29A2 /* Resources */,
			);
			buildRules = (
			);
			dependencies = (
				786A69EC248C8E6F001A29A2 /* PBXTargetDependency */,
			);
			name = musicMetaTests;
			productName = musicMetaTests;
			productReference = 786A69EA248C8E6F001A29A2 /* musicMetaTests.xctest */;
			productType = "com.apple.product-type.bundle.unit-test";
		};
		786A69F4248C8E6F001A29A2 /* musicMetaUITests */ = {
			isa = PBXNativeTarget;
			buildConfigurationList = 786A6A04248C8E6F001A29A2 /* Build configuration list for PBXNativeTarget "musicMetaUITests" */;
			buildPhases = (
				786A69F1248C8E6F001A29A2 /* Sources */,
				786A69F2248C8E6F001A29A2 /* Frameworks */,
				786A69F3248C8E6F001A29A2 /* Resources */,
			);
			buildRules = (
			);
			dependencies = (
				786A69F7248C8E6F001A29A2 /* PBXTargetDependency */,
			);
			name = musicMetaUITests;
			productName = musicMetaUITests;
			productReference = 786A69F5248C8E6F001A29A2 /* musicMetaUITests.xctest */;
			productType = "com.apple.product-type.bundle.ui-testing";
		};
/* End PBXNativeTarget section */

/* Begin PBXProject section */
		786A69CC248C8E6B001A29A2 /* Project object */ = {
			isa = PBXProject;
			attributes = {
				LastSwiftUpdateCheck = 1150;
				LastUpgradeCheck = 1150;
				ORGANIZATIONNAME = "Toni Kaplan";
				TargetAttributes = {
					786A69D3248C8E6B001A29A2 = {
						CreatedOnToolsVersion = 11.5;
					};
					786A69E9248C8E6F001A29A2 = {
						CreatedOnToolsVersion = 11.5;
						TestTargetID = 786A69D3248C8E6B001A29A2;
					};
					786A69F4248C8E6F001A29A2 = {
						CreatedOnToolsVersion = 11.5;
						TestTargetID = 786A69D3248C8E6B001A29A2;
					};
				};
			};
			buildConfigurationList = 786A69CF248C8E6B001A29A2 /* Build configuration list for PBXProject "musicMeta" */;
			compatibilityVersion = "Xcode 9.3";
			developmentRegion = en;
			hasScannedForEncodings = 0;
			knownRegions = (
				en,
				Base,
			);
			mainGroup = 786A69CB248C8E6B001A29A2;
			productRefGroup = 786A69D5248C8E6B001A29A2 /* Products */;
			projectDirPath = "";
			projectRoot = "";
			targets = (
				786A69D3248C8E6B001A29A2 /* musicMeta */,
				786A69E9248C8E6F001A29A2 /* musicMetaTests */,
				786A69F4248C8E6F001A29A2 /* musicMetaUITests */,
			);
		};
/* End PBXProject section */

/* Begin PBXResourcesBuildPhase section */
		786A69D2248C8E6B001A29A2 /* Resources */ = {
			isa = PBXResourcesBuildPhase;
			buildActionMask = 2147483647;
			files = (
				786A69E4248C8E6F001A29A2 /* LaunchScreen.storyboard in Resources */,
				786A69E1248C8E6F001A29A2 /* Preview Assets.xcassets in Resources */,
				786A69DE248C8E6F001A29A2 /* Assets.xcassets in Resources */,
			);
			runOnlyForDeploymentPostprocessing = 0;
		};
		786A69E8248C8E6F001A29A2 /* Resources */ = {
			isa = PBXResourcesBuildPhase;
			buildActionMask = 2147483647;
			files = (
			);
			runOnlyForDeploymentPostprocessing = 0;
		};
		786A69F3248C8E6F001A29A2 /* Resources */ = {
			isa = PBXResourcesBuildPhase;
			buildActionMask = 2147483647;
			files = (
			);
			runOnlyForDeploymentPostprocessing = 0;
		};
/* End PBXResourcesBuildPhase section */

/* Begin PBXSourcesBuildPhase section */
		786A69D0248C8E6B001A29A2 /* Sources */ = {
			isa = PBXSourcesBuildPhase;
			buildActionMask = 2147483647;
			files = (
				786A69D8248C8E6B001A29A2 /* AppDelegate.swift in Sources */,
				786A6A08248C9739001A29A2 /* CircleImage.swift in Sources */,
				786A69DA248C8E6B001A29A2 /* SceneDelegate.swift in Sources */,
				786A6A0A248C99C3001A29A2 /* HeaderImage.swift in Sources */,
				78AE6A67248CA9B400F4A5E9 /* MusicMeta.swift in Sources */,
				786A69DC248C8E6B001A29A2 /* ContentView.swift in Sources */,
			);
			runOnlyForDeploymentPostprocessing = 0;
		};
		786A69E6248C8E6F001A29A2 /* Sources */ = {
			isa = PBXSourcesBuildPhase;
			buildActionMask = 2147483647;
			files = (
				786A69EF248C8E6F001A29A2 /* musicMetaTests.swift in Sources */,
			);
			runOnlyForDeploymentPostprocessing = 0;
		};
		786A69F1248C8E6F001A29A2 /* Sources */ = {
			isa = PBXSourcesBuildPhase;
			buildActionMask = 2147483647;
			files = (
				786A69FA248C8E6F001A29A2 /* musicMetaUITests.swift in Sources */,
			);
			runOnlyForDeploymentPostprocessing = 0;
		};
/* End PBXSourcesBuildPhase section */

/* Begin PBXTargetDependency section */
		786A69EC248C8E6F001A29A2 /* PBXTargetDependency */ = {
			isa = PBXTargetDependency;
			target = 786A69D3248C8E6B001A29A2 /* musicMeta */;
			targetProxy = 786A69EB248C8E6F001A29A2 /* PBXContainerItemProxy */;
		};
		786A69F7248C8E6F001A29A2 /* PBXTargetDependency */ = {
			isa = PBXTargetDependency;
			target = 786A69D3248C8E6B001A29A2 /* musicMeta */;
			targetProxy = 786A69F6248C8E6F001A29A2 /* PBXContainerItemProxy */;
		};
/* End PBXTargetDependency section */

/* Begin PBXVariantGroup section */
		786A69E2248C8E6F001A29A2 /* LaunchScreen.storyboard */ = {
			isa = PBXVariantGroup;
			children = (
				786A69E3248C8E6F001A29A2 /* Base */,
			);
			name = LaunchScreen.storyboard;
			sourceTree = "<group>";
		};
/* End PBXVariantGroup section */

/* Begin XCBuildConfiguration section */
		786A69FC248C8E6F001A29A2 /* Debug */ = {
			isa = XCBuildConfiguration;
			buildSettings = {
				ALWAYS_SEARCH_USER_PATHS = NO;
				CLANG_ANALYZER_NONNULL = YES;
				CLANG_ANALYZER_NUMBER_OBJECT_CONVERSION = YES_AGGRESSIVE;
				CLANG_CXX_LANGUAGE_STANDARD = "gnu++14";
				CLANG_CXX_LIBRARY = "libc++";
				CLANG_ENABLE_MODULES = YES;
				CLANG_ENABLE_OBJC_ARC = YES;
				CLANG_ENABLE_OBJC_WEAK = YES;
				CLANG_WARN_BLOCK_CAPTURE_AUTORELEASING = YES;
				CLANG_WARN_BOOL_CONVERSION = YES;
				CLANG_WARN_COMMA = YES;
				CLANG_WARN_CONSTANT_CONVERSION = YES;
				CLANG_WARN_DEPRECATED_OBJC_IMPLEMENTATIONS = YES;
				CLANG_WARN_DIRECT_OBJC_ISA_USAGE = YES_ERROR;
				CLANG_WARN_DOCUMENTATION_COMMENTS = YES;
				CLANG_WARN_EMPTY_BODY = YES;
				CLANG_WARN_ENUM_CONVERSION = YES;
				CLANG_WARN_INFINITE_RECURSION = YES;
				CLANG_WARN_INT_CONVERSION = YES;
				CLANG_WARN_NON_LITERAL_NULL_CONVERSION = YES;
				CLANG_WARN_OBJC_IMPLICIT_RETAIN_SELF = YES;
				CLANG_WARN_OBJC_LITERAL_CONVERSION = YES;
				CLANG_WARN_OBJC_ROOT_CLASS = YES_ERROR;
				CLANG_WARN_RANGE_LOOP_ANALYSIS = YES;
				CLANG_WARN_STRICT_PROTOTYPES = YES;
				CLANG_WARN_SUSPICIOUS_MOVE = YES;
				CLANG_WARN_UNGUARDED_AVAILABILITY = YES_AGGRESSIVE;
				CLANG_WARN_UNREACHABLE_CODE = YES;
				CLANG_WARN__DUPLICATE_METHOD_MATCH = YES;
				COPY_PHASE_STRIP = NO;
				DEBUG_INFORMATION_FORMAT = dwarf;
				ENABLE_STRICT_OBJC_MSGSEND = YES;
				ENABLE_TESTABILITY = YES;
				GCC_C_LANGUAGE_STANDARD = gnu11;
				GCC_DYNAMIC_NO_PIC = NO;
				GCC_NO_COMMON_BLOCKS = YES;
				GCC_OPTIMIZATION_LEVEL = 0;
				GCC_PREPROCESSOR_DEFINITIONS = (
					"DEBUG=1",
					"$(inherited)",
				);
				GCC_WARN_64_TO_32_BIT_CONVERSION = YES;
				GCC_WARN_ABOUT_RETURN_TYPE = YES_ERROR;
				GCC_WARN_UNDECLARED_SELECTOR = YES;
				GCC_WARN_UNINITIALIZED_AUTOS = YES_AGGRESSIVE;
				GCC_WARN_UNUSED_FUNCTION = YES;
				GCC_WARN_UNUSED_VARIABLE = YES;
				IPHONEOS_DEPLOYMENT_TARGET = 13.0;
				MTL_ENABLE_DEBUG_INFO = INCLUDE_SOURCE;
				MTL_FAST_MATH = YES;
				ONLY_ACTIVE_ARCH = YES;
				SDKROOT = iphoneos;
				SWIFT_ACTIVE_COMPILATION_CONDITIONS = DEBUG;
				SWIFT_OPTIMIZATION_LEVEL = "-Onone";
			};
			name = Debug;
		};
		786A69FD248C8E6F001A29A2 /* Release */ = {
			isa = XCBuildConfiguration;
			buildSettings = {
				ALWAYS_SEARCH_USER_PATHS = NO;
				CLANG_ANALYZER_NONNULL = YES;
				CLANG_ANALYZER_NUMBER_OBJECT_CONVERSION = YES_AGGRESSIVE;
				CLANG_CXX_LANGUAGE_STANDARD = "gnu++14";
				CLANG_CXX_LIBRARY = "libc++";
				CLANG_ENABLE_MODULES = YES;
				CLANG_ENABLE_OBJC_ARC = YES;
				CLANG_ENABLE_OBJC_WEAK = YES;
				CLANG_WARN_BLOCK_CAPTURE_AUTORELEASING = YES;
				CLANG_WARN_BOOL_CONVERSION = YES;
				CLANG_WARN_COMMA = YES;
				CLANG_WARN_CONSTANT_CONVERSION = YES;
				CLANG_WARN_DEPRECATED_OBJC_IMPLEMENTATIONS = YES;
				CLANG_WARN_DIRECT_OBJC_ISA_USAGE = YES_ERROR;
				CLANG_WARN_DOCUMENTATION_COMMENTS = YES;
				CLANG_WARN_EMPTY_BODY = YES;
				CLANG_WARN_ENUM_CONVERSION = YES;
				CLANG_WARN_INFINITE_RECURSION = YES;
				CLANG_WARN_INT_CONVERSION = YES;
				CLANG_WARN_NON_LITERAL_NULL_CONVERSION = YES;
				CLANG_WARN_OBJC_IMPLICIT_RETAIN_SELF = YES;
				CLANG_WARN_OBJC_LITERAL_CONVERSION = YES;
				CLANG_WARN_OBJC_ROOT_CLASS = YES_ERROR;
				CLANG_WARN_RANGE_LOOP_ANALYSIS = YES;
				CLANG_WARN_STRICT_PROTOTYPES = YES;
				CLANG_WARN_SUSPICIOUS_MOVE = YES;
				CLANG_WARN_UNGUARDED_AVAILABILITY = YES_AGGRESSIVE;
				CLANG_WARN_UNREACHABLE_CODE = YES;
				CLANG_WARN__DUPLICATE_METHOD_MATCH = YES;
				COPY_PHASE_STRIP = NO;
				DEBUG_INFORMATION_FORMAT = "dwarf-with-dsym";
				ENABLE_NS_ASSERTIONS = NO;
				ENABLE_STRICT_OBJC_MSGSEND = YES;
				GCC_C_LANGUAGE_STANDARD = gnu11;
				GCC_NO_COMMON_BLOCKS = YES;
				GCC_WARN_64_TO_32_BIT_CONVERSION = YES;
				GCC_WARN_ABOUT_RETURN_TYPE = YES_ERROR;
				GCC_WARN_UNDECLARED_SELECTOR = YES;
				GCC_WARN_UNINITIALIZED_AUTOS = YES_AGGRESSIVE;
				GCC_WARN_UNUSED_FUNCTION = YES;
				GCC_WARN_UNUSED_VARIABLE = YES;
				IPHONEOS_DEPLOYMENT_TARGET = 13.0;
				MTL_ENABLE_DEBUG_INFO = NO;
				MTL_FAST_MATH = YES;
				SDKROOT = iphoneos;
				SWIFT_COMPILATION_MODE = wholemodule;
				SWIFT_OPTIMIZATION_LEVEL = "-O";
				VALIDATE_PRODUCT = YES;
			};
			name = Release;
		};
		786A69FF248C8E6F001A29A2 /* Debug */ = {
			isa = XCBuildConfiguration;
			buildSettings = {
				ASSETCATALOG_COMPILER_APPICON_NAME = AppIcon;
				CODE_SIGN_STYLE = Automatic;
				DEVELOPMENT_ASSET_PATHS = "\"musicMeta/Preview Content\"";
				DEVELOPMENT_TEAM = JPF5Z7WZGR;
				ENABLE_PREVIEWS = YES;
				INFOPLIST_FILE = musicMeta/Info.plist;
				LD_RUNPATH_SEARCH_PATHS = (
					"$(inherited)",
					"@executable_path/Frameworks",
				);
				PRODUCT_BUNDLE_IDENTIFIER = com.tonarie.musicMeta;
				PRODUCT_NAME = "$(TARGET_NAME)";
				SWIFT_VERSION = 5.0;
				TARGETED_DEVICE_FAMILY = "1,2";
			};
			name = Debug;
		};
		786A6A00248C8E6F001A29A2 /* Release */ = {
			isa = XCBuildConfiguration;
			buildSettings = {
				ASSETCATALOG_COMPILER_APPICON_NAME = AppIcon;
				CODE_SIGN_STYLE = Automatic;
				DEVELOPMENT_ASSET_PATHS = "\"musicMeta/Preview Content\"";
				DEVELOPMENT_TEAM = JPF5Z7WZGR;
				ENABLE_PREVIEWS = YES;
				INFOPLIST_FILE = musicMeta/Info.plist;
				LD_RUNPATH_SEARCH_PATHS = (
					"$(inherited)",
					"@executable_path/Frameworks",
				);
				PRODUCT_BUNDLE_IDENTIFIER = com.tonarie.musicMeta;
				PRODUCT_NAME = "$(TARGET_NAME)";
				SWIFT_VERSION = 5.0;
				TARGETED_DEVICE_FAMILY = "1,2";
			};
			name = Release;
		};
		786A6A02248C8E6F001A29A2 /* Debug */ = {
			isa = XCBuildConfiguration;
			buildSettings = {
				ALWAYS_EMBED_SWIFT_STANDARD_LIBRARIES = YES;
				BUNDLE_LOADER = "$(TEST_HOST)";
				CODE_SIGN_STYLE = Automatic;
				DEVELOPMENT_TEAM = JPF5Z7WZGR;
				INFOPLIST_FILE = musicMetaTests/Info.plist;
				IPHONEOS_DEPLOYMENT_TARGET = 13.5;
				LD_RUNPATH_SEARCH_PATHS = (
					"$(inherited)",
					"@executable_path/Frameworks",
					"@loader_path/Frameworks",
				);
				PRODUCT_BUNDLE_IDENTIFIER = com.tonarie.musicMetaTests;
				PRODUCT_NAME = "$(TARGET_NAME)";
				SWIFT_VERSION = 5.0;
				TARGETED_DEVICE_FAMILY = "1,2";
				TEST_HOST = "$(BUILT_PRODUCTS_DIR)/musicMeta.app/musicMeta";
			};
			name = Debug;
		};
		786A6A03248C8E6F001A29A2 /* Release */ = {
			isa = XCBuildConfiguration;
			buildSettings = {
				ALWAYS_EMBED_SWIFT_STANDARD_LIBRARIES = YES;
				BUNDLE_LOADER = "$(TEST_HOST)";
				CODE_SIGN_STYLE = Automatic;
				DEVELOPMENT_TEAM = JPF5Z7WZGR;
				INFOPLIST_FILE = musicMetaTests/Info.plist;
				IPHONEOS_DEPLOYMENT_TARGET = 13.5;
				LD_RUNPATH_SEARCH_PATHS = (
					"$(inherited)",
					"@executable_path/Frameworks",
					"@loader_path/Frameworks",
				);
				PRODUCT_BUNDLE_IDENTIFIER = com.tonarie.musicMetaTests;
				PRODUCT_NAME = "$(TARGET_NAME)";
				SWIFT_VERSION = 5.0;
				TARGETED_DEVICE_FAMILY = "1,2";
				TEST_HOST = "$(BUILT_PRODUCTS_DIR)/musicMeta.app/musicMeta";
			};
			name = Release;
		};
		786A6A05248C8E6F001A29A2 /* Debug */ = {
			isa = XCBuildConfiguration;
			buildSettings = {
				ALWAYS_EMBED_SWIFT_STANDARD_LIBRARIES = YES;
				CODE_SIGN_STYLE = Automatic;
				DEVELOPMENT_TEAM = JPF5Z7WZGR;
				INFOPLIST_FILE = musicMetaUITests/Info.plist;
				LD_RUNPATH_SEARCH_PATHS = (
					"$(inherited)",
					"@executable_path/Frameworks",
					"@loader_path/Frameworks",
				);
				PRODUCT_BUNDLE_IDENTIFIER = com.tonarie.musicMetaUITests;
				PRODUCT_NAME = "$(TARGET_NAME)";
				SWIFT_VERSION = 5.0;
				TARGETED_DEVICE_FAMILY = "1,2";
				TEST_TARGET_NAME = musicMeta;
			};
			name = Debug;
		};
		786A6A06248C8E6F001A29A2 /* Release */ = {
			isa = XCBuildConfiguration;
			buildSettings = {
				ALWAYS_EMBED_SWIFT_STANDARD_LIBRARIES = YES;
				CODE_SIGN_STYLE = Automatic;
				DEVELOPMENT_TEAM = JPF5Z7WZGR;
				INFOPLIST_FILE = musicMetaUITests/Info.plist;
				LD_RUNPATH_SEARCH_PATHS = (
					"$(inherited)",
					"@executable_path/Frameworks",
					"@loader_path/Frameworks",
				);
				PRODUCT_BUNDLE_IDENTIFIER = com.tonarie.musicMetaUITests;
				PRODUCT_NAME = "$(TARGET_NAME)";
				SWIFT_VERSION = 5.0;
				TARGETED_DEVICE_FAMILY = "1,2";
				TEST_TARGET_NAME = musicMeta;
			};
			name = Release;
		};
/* End XCBuildConfiguration section */

/* Begin XCConfigurationList section */
		786A69CF248C8E6B001A29A2 /* Build configuration list for PBXProject "musicMeta" */ = {
			isa = XCConfigurationList;
			buildConfigurations = (
				786A69FC248C8E6F001A29A2 /* Debug */,
				786A69FD248C8E6F001A29A2 /* Release */,
			);
			defaultConfigurationIsVisible = 0;
			defaultConfigurationName = Release;
		};
		786A69FE248C8E6F001A29A2 /* Build configuration list for PBXNativeTarget "musicMeta" */ = {
			isa = XCConfigurationList;
			buildConfigurations = (
				786A69FF248C8E6F001A29A2 /* Debug */,
				786A6A00248C8E6F001A29A2 /* Release */,
			);
			defaultConfigurationIsVisible = 0;
			defaultConfigurationName = Release;
		};
		786A6A01248C8E6F001A29A2 /* Build configuration list for PBXNativeTarget "musicMetaTests" */ = {
			isa = XCConfigurationList;
			buildConfigurations = (
				786A6A02248C8E6F001A29A2 /* Debug */,
				786A6A03248C8E6F001A29A2 /* Release */,
			);
			defaultConfigurationIsVisible = 0;
			defaultConfigurationName = Release;
		};
		786A6A04248C8E6F001A29A2 /* Build configuration list for PBXNativeTarget "musicMetaUITests" */ = {
			isa = XCConfigurationList;
			buildConfigurations = (
				786A6A05248C8E6F001A29A2 /* Debug */,
				786A6A06248C8E6F001A29A2 /* Release */,
			);
			defaultConfigurationIsVisible = 0;
			defaultConfigurationName = Release;
		};
/* End XCConfigurationList section */
	};
	rootObject = 786A69CC248C8E6B001A29A2 /* Project object */;
}
